// !$*UTF8*$!
{
	archiveVersion = 1;
	classes = {
	};
	objectVersion = 46;
	objects = {

/* Begin PBXBuildFile section */
		19AE26C2B9CEB9DC99635792 /* Pods_Relive.framework in Frameworks */ = {isa = PBXBuildFile; fileRef = 5813EA2A91DA2DC9F2E70EDA /* Pods_Relive.framework */; };
		C91281761C11E5020032D067 /* sideMenuViewController.swift in Sources */ = {isa = PBXBuildFile; fileRef = C91281751C11E5020032D067 /* sideMenuViewController.swift */; };
		C91281781C11E6DD0032D067 /* postMemoryViewController.swift in Sources */ = {isa = PBXBuildFile; fileRef = C91281771C11E6DD0032D067 /* postMemoryViewController.swift */; };
		C91BE9C01C34496B00C91AEB /* Default-568h@2x.png in Resources */ = {isa = PBXBuildFile; fileRef = C91BE9BF1C34496B00C91AEB /* Default-568h@2x.png */; };
		C91BE9C21C355EDA00C91AEB /* memoryViewierViewController.swift in Sources */ = {isa = PBXBuildFile; fileRef = C91BE9C11C355EDA00C91AEB /* memoryViewierViewController.swift */; };
		C93F53521C1734F000666221 /* appMetaDataClass.swift in Sources */ = {isa = PBXBuildFile; fileRef = C93F53511C1734F000666221 /* appMetaDataClass.swift */; };
		C93F53541C1797D500666221 /* settingsViewController.swift in Sources */ = {isa = PBXBuildFile; fileRef = C93F53531C1797D500666221 /* settingsViewController.swift */; };
		C97FFE4E1C10A7C900975672 /* AppDelegate.swift in Sources */ = {isa = PBXBuildFile; fileRef = C97FFE4D1C10A7C900975672 /* AppDelegate.swift */; };
		C97FFE501C10A7C900975672 /* menuViewController.swift in Sources */ = {isa = PBXBuildFile; fileRef = C97FFE4F1C10A7C900975672 /* menuViewController.swift */; };
		C97FFE531C10A7C900975672 /* Main.storyboard in Resources */ = {isa = PBXBuildFile; fileRef = C97FFE511C10A7C900975672 /* Main.storyboard */; };
		C97FFE551C10A7C900975672 /* Assets.xcassets in Resources */ = {isa = PBXBuildFile; fileRef = C97FFE541C10A7C900975672 /* Assets.xcassets */; };
		C97FFE581C10A7C900975672 /* LaunchScreen.storyboard in Resources */ = {isa = PBXBuildFile; fileRef = C97FFE561C10A7C900975672 /* LaunchScreen.storyboard */; };
		C97FFE631C10A7C900975672 /* ReliveTests.swift in Sources */ = {isa = PBXBuildFile; fileRef = C97FFE621C10A7C900975672 /* ReliveTests.swift */; };
		C97FFE6E1C10A7C900975672 /* ReliveUITests.swift in Sources */ = {isa = PBXBuildFile; fileRef = C97FFE6D1C10A7C900975672 /* ReliveUITests.swift */; };
		C97FFE7C1C10A7D700975672 /* MapKit.framework in Frameworks */ = {isa = PBXBuildFile; fileRef = C97FFE7B1C10A7D700975672 /* MapKit.framework */; };
		C97FFE7F1C10A8B100975672 /* findCacheViewController.swift in Sources */ = {isa = PBXBuildFile; fileRef = C97FFE7E1C10A8B100975672 /* findCacheViewController.swift */; };
		C97FFE851C10C58900975672 /* SWRevealViewController.m in Sources */ = {isa = PBXBuildFile; fileRef = C97FFE841C10C58900975672 /* SWRevealViewController.m */; };
		C97FFE8B1C10E3E200975672 /* JSONDataClass.swift in Sources */ = {isa = PBXBuildFile; fileRef = C97FFE8A1C10E3E200975672 /* JSONDataClass.swift */; };
/* End PBXBuildFile section */

/* Begin PBXContainerItemProxy section */
		C97FFE5F1C10A7C900975672 /* PBXContainerItemProxy */ = {
			isa = PBXContainerItemProxy;
			containerPortal = C97FFE421C10A7C900975672 /* Project object */;
			proxyType = 1;
			remoteGlobalIDString = C97FFE491C10A7C900975672;
			remoteInfo = Relive;
		};
		C97FFE6A1C10A7C900975672 /* PBXContainerItemProxy */ = {
			isa = PBXContainerItemProxy;
			containerPortal = C97FFE421C10A7C900975672 /* Project object */;
			proxyType = 1;
			remoteGlobalIDString = C97FFE491C10A7C900975672;
			remoteInfo = Relive;
		};
/* End PBXContainerItemProxy section */

/* Begin PBXFileReference section */
		29E101CD818841B21BBDDF78 /* Pods-Relive.debug.xcconfig */ = {isa = PBXFileReference; includeInIndex = 1; lastKnownFileType = text.xcconfig; name = "Pods-Relive.debug.xcconfig"; path = "Pods/Target Support Files/Pods-Relive/Pods-Relive.debug.xcconfig"; sourceTree = "<group>"; };
		5813EA2A91DA2DC9F2E70EDA /* Pods_Relive.framework */ = {isa = PBXFileReference; explicitFileType = wrapper.framework; includeInIndex = 0; path = Pods_Relive.framework; sourceTree = BUILT_PRODUCTS_DIR; };
		A364CDD6266ABFDE43B8AF5E /* Pods-Relive.release.xcconfig */ = {isa = PBXFileReference; includeInIndex = 1; lastKnownFileType = text.xcconfig; name = "Pods-Relive.release.xcconfig"; path = "Pods/Target Support Files/Pods-Relive/Pods-Relive.release.xcconfig"; sourceTree = "<group>"; };
		C91281751C11E5020032D067 /* sideMenuViewController.swift */ = {isa = PBXFileReference; fileEncoding = 4; lastKnownFileType = sourcecode.swift; path = sideMenuViewController.swift; sourceTree = "<group>"; };
		C91281771C11E6DD0032D067 /* postMemoryViewController.swift */ = {isa = PBXFileReference; fileEncoding = 4; lastKnownFileType = sourcecode.swift; path = postMemoryViewController.swift; sourceTree = "<group>"; };
		C91BE9BF1C34496B00C91AEB /* Default-568h@2x.png */ = {isa = PBXFileReference; lastKnownFileType = image.png; path = "Default-568h@2x.png"; sourceTree = "<group>"; };
		C91BE9C11C355EDA00C91AEB /* memoryViewierViewController.swift */ = {isa = PBXFileReference; fileEncoding = 4; lastKnownFileType = sourcecode.swift; path = memoryViewierViewController.swift; sourceTree = "<group>"; };
		C93F53511C1734F000666221 /* appMetaDataClass.swift */ = {isa = PBXFileReference; fileEncoding = 4; lastKnownFileType = sourcecode.swift; name = appMetaDataClass.swift; path = "Class Extensions/Class Extensions/appMetaDataClass.swift"; sourceTree = "<group>"; };
		C93F53531C1797D500666221 /* settingsViewController.swift */ = {isa = PBXFileReference; fileEncoding = 4; lastKnownFileType = sourcecode.swift; path = settingsViewController.swift; sourceTree = "<group>"; };
		C97FFE4A1C10A7C900975672 /* Relive.app */ = {isa = PBXFileReference; explicitFileType = wrapper.application; includeInIndex = 0; path = Relive.app; sourceTree = BUILT_PRODUCTS_DIR; };
		C97FFE4D1C10A7C900975672 /* AppDelegate.swift */ = {isa = PBXFileReference; lastKnownFileType = sourcecode.swift; path = AppDelegate.swift; sourceTree = "<group>"; };
		C97FFE4F1C10A7C900975672 /* menuViewController.swift */ = {isa = PBXFileReference; lastKnownFileType = sourcecode.swift; path = menuViewController.swift; sourceTree = "<group>"; };
		C97FFE521C10A7C900975672 /* Base */ = {isa = PBXFileReference; lastKnownFileType = file.storyboard; name = Base; path = Base.lproj/Main.storyboard; sourceTree = "<group>"; };
		C97FFE541C10A7C900975672 /* Assets.xcassets */ = {isa = PBXFileReference; lastKnownFileType = folder.assetcatalog; path = Assets.xcassets; sourceTree = "<group>"; };
		C97FFE571C10A7C900975672 /* Base */ = {isa = PBXFileReference; lastKnownFileType = file.storyboard; name = Base; path = Base.lproj/LaunchScreen.storyboard; sourceTree = "<group>"; };
		C97FFE591C10A7C900975672 /* Info.plist */ = {isa = PBXFileReference; lastKnownFileType = text.plist.xml; path = Info.plist; sourceTree = "<group>"; };
		C97FFE5E1C10A7C900975672 /* ReliveTests.xctest */ = {isa = PBXFileReference; explicitFileType = wrapper.cfbundle; includeInIndex = 0; path = ReliveTests.xctest; sourceTree = BUILT_PRODUCTS_DIR; };
		C97FFE621C10A7C900975672 /* ReliveTests.swift */ = {isa = PBXFileReference; lastKnownFileType = sourcecode.swift; path = ReliveTests.swift; sourceTree = "<group>"; };
		C97FFE641C10A7C900975672 /* Info.plist */ = {isa = PBXFileReference; lastKnownFileType = text.plist.xml; path = Info.plist; sourceTree = "<group>"; };
		C97FFE691C10A7C900975672 /* ReliveUITests.xctest */ = {isa = PBXFileReference; explicitFileType = wrapper.cfbundle; includeInIndex = 0; path = ReliveUITests.xctest; sourceTree = BUILT_PRODUCTS_DIR; };
		C97FFE6D1C10A7C900975672 /* ReliveUITests.swift */ = {isa = PBXFileReference; lastKnownFileType = sourcecode.swift; path = ReliveUITests.swift; sourceTree = "<group>"; };
		C97FFE6F1C10A7C900975672 /* Info.plist */ = {isa = PBXFileReference; lastKnownFileType = text.plist.xml; path = Info.plist; sourceTree = "<group>"; };
		C97FFE7B1C10A7D700975672 /* MapKit.framework */ = {isa = PBXFileReference; lastKnownFileType = wrapper.framework; name = MapKit.framework; path = System/Library/Frameworks/MapKit.framework; sourceTree = SDKROOT; };
		C97FFE7E1C10A8B100975672 /* findCacheViewController.swift */ = {isa = PBXFileReference; fileEncoding = 4; lastKnownFileType = sourcecode.swift; name = findCacheViewController.swift; path = ViewControllers/findCacheViewController.swift; sourceTree = "<group>"; };
		C97FFE821C10C58900975672 /* Relive-Bridging-Header.h */ = {isa = PBXFileReference; lastKnownFileType = sourcecode.c.h; path = "Relive-Bridging-Header.h"; sourceTree = "<group>"; };
		C97FFE831C10C58900975672 /* SWRevealViewController.h */ = {isa = PBXFileReference; fileEncoding = 4; lastKnownFileType = sourcecode.c.h; name = SWRevealViewController.h; path = SWRevealViewController/SWRevealViewController.h; sourceTree = "<group>"; };
		C97FFE841C10C58900975672 /* SWRevealViewController.m */ = {isa = PBXFileReference; fileEncoding = 4; lastKnownFileType = sourcecode.c.objc; name = SWRevealViewController.m; path = SWRevealViewController/SWRevealViewController.m; sourceTree = "<group>"; };
		C97FFE8A1C10E3E200975672 /* JSONDataClass.swift */ = {isa = PBXFileReference; fileEncoding = 4; lastKnownFileType = sourcecode.swift; name = JSONDataClass.swift; path = "Class Extensions/Class Extensions/JSONDataClass.swift"; sourceTree = "<group>"; };
/* End PBXFileReference section */

/* Begin PBXFrameworksBuildPhase section */
		C97FFE471C10A7C900975672 /* Frameworks */ = {
			isa = PBXFrameworksBuildPhase;
			buildActionMask = 2147483647;
			files = (
				C97FFE7C1C10A7D700975672 /* MapKit.framework in Frameworks */,
				19AE26C2B9CEB9DC99635792 /* Pods_Relive.framework in Frameworks */,
			);
			runOnlyForDeploymentPostprocessing = 0;
		};
		C97FFE5B1C10A7C900975672 /* Frameworks */ = {
			isa = PBXFrameworksBuildPhase;
			buildActionMask = 2147483647;
			files = (
			);
			runOnlyForDeploymentPostprocessing = 0;
		};
		C97FFE661C10A7C900975672 /* Frameworks */ = {
			isa = PBXFrameworksBuildPhase;
			buildActionMask = 2147483647;
			files = (
			);
			runOnlyForDeploymentPostprocessing = 0;
		};
/* End PBXFrameworksBuildPhase section */

/* Begin PBXGroup section */
		22A584A01935D7A60BD78E4C /* Frameworks */ = {
			isa = PBXGroup;
			children = (
				C97FFE7B1C10A7D700975672 /* MapKit.framework */,
				5813EA2A91DA2DC9F2E70EDA /* Pods_Relive.framework */,
			);
			name = Frameworks;
			sourceTree = "<group>";
		};
		65D34B07B3561C264B19715A /* Pods */ = {
			isa = PBXGroup;
			children = (
				29E101CD818841B21BBDDF78 /* Pods-Relive.debug.xcconfig */,
				A364CDD6266ABFDE43B8AF5E /* Pods-Relive.release.xcconfig */,
			);
			name = Pods;
			sourceTree = "<group>";
		};
		C97FFE411C10A7C900975672 = {
			isa = PBXGroup;
			children = (
				C91BE9BF1C34496B00C91AEB /* Default-568h@2x.png */,
				C97FFE4C1C10A7C900975672 /* Relive */,
				C97FFE611C10A7C900975672 /* ReliveTests */,
				C97FFE6C1C10A7C900975672 /* ReliveUITests */,
				C97FFE4B1C10A7C900975672 /* Products */,
				65D34B07B3561C264B19715A /* Pods */,
				22A584A01935D7A60BD78E4C /* Frameworks */,
			);
			sourceTree = "<group>";
		};
		C97FFE4B1C10A7C900975672 /* Products */ = {
			isa = PBXGroup;
			children = (
				C97FFE4A1C10A7C900975672 /* Relive.app */,
				C97FFE5E1C10A7C900975672 /* ReliveTests.xctest */,
				C97FFE691C10A7C900975672 /* ReliveUITests.xctest */,
			);
			name = Products;
			sourceTree = "<group>";
		};
		C97FFE4C1C10A7C900975672 /* Relive */ = {
			isa = PBXGroup;
			children = (
				C97FFE4D1C10A7C900975672 /* AppDelegate.swift */,
				C97FFE861C10C59400975672 /* SWRevealViewController */,
				C97FFE891C10DA4200975672 /* Class Extensions */,
				C97FFE7D1C10A84D00975672 /* ViewControllers */,
				C97FFE511C10A7C900975672 /* Main.storyboard */,
				C97FFE541C10A7C900975672 /* Assets.xcassets */,
				C97FFE561C10A7C900975672 /* LaunchScreen.storyboard */,
				C97FFE591C10A7C900975672 /* Info.plist */,
			);
			path = Relive;
			sourceTree = "<group>";
		};
		C97FFE611C10A7C900975672 /* ReliveTests */ = {
			isa = PBXGroup;
			children = (
				C97FFE621C10A7C900975672 /* ReliveTests.swift */,
				C97FFE641C10A7C900975672 /* Info.plist */,
			);
			path = ReliveTests;
			sourceTree = "<group>";
		};
		C97FFE6C1C10A7C900975672 /* ReliveUITests */ = {
			isa = PBXGroup;
			children = (
				C97FFE6D1C10A7C900975672 /* ReliveUITests.swift */,
				C97FFE6F1C10A7C900975672 /* Info.plist */,
			);
			path = ReliveUITests;
			sourceTree = "<group>";
		};
		C97FFE7D1C10A84D00975672 /* ViewControllers */ = {
			isa = PBXGroup;
			children = (
				C97FFE4F1C10A7C900975672 /* menuViewController.swift */,
				C97FFE7E1C10A8B100975672 /* findCacheViewController.swift */,
				C91281751C11E5020032D067 /* sideMenuViewController.swift */,
				C91BE9C11C355EDA00C91AEB /* memoryViewierViewController.swift */,
				C93F53531C1797D500666221 /* settingsViewController.swift */,
				C91281771C11E6DD0032D067 /* postMemoryViewController.swift */,
			);
			name = ViewControllers;
			sourceTree = "<group>";
		};
		C97FFE861C10C59400975672 /* SWRevealViewController */ = {
			isa = PBXGroup;
			children = (
				C97FFE831C10C58900975672 /* SWRevealViewController.h */,
				C97FFE841C10C58900975672 /* SWRevealViewController.m */,
				C97FFE821C10C58900975672 /* Relive-Bridging-Header.h */,
			);
			name = SWRevealViewController;
			sourceTree = "<group>";
		};
		C97FFE891C10DA4200975672 /* Class Extensions */ = {
			isa = PBXGroup;
			children = (
				C97FFE8A1C10E3E200975672 /* JSONDataClass.swift */,
				C93F53511C1734F000666221 /* appMetaDataClass.swift */,
			);
			name = "Class Extensions";
			sourceTree = "<group>";
		};
/* End PBXGroup section */

/* Begin PBXNativeTarget section */
		C97FFE491C10A7C900975672 /* Relive */ = {
			isa = PBXNativeTarget;
			buildConfigurationList = C97FFE721C10A7C900975672 /* Build configuration list for PBXNativeTarget "Relive" */;
			buildPhases = (
				2A5537FA9F2E7B7660EA90A2 /* Check Pods Manifest.lock */,
				C97FFE461C10A7C900975672 /* Sources */,
				C97FFE471C10A7C900975672 /* Frameworks */,
				C97FFE481C10A7C900975672 /* Resources */,
				9D48A1AC58A55D3D3A13195E /* Embed Pods Frameworks */,
				A44F92BA59700A0DD0DED673 /* Copy Pods Resources */,
			);
			buildRules = (
			);
			dependencies = (
			);
			name = Relive;
			productName = Relive;
			productReference = C97FFE4A1C10A7C900975672 /* Relive.app */;
			productType = "com.apple.product-type.application";
		};
		C97FFE5D1C10A7C900975672 /* ReliveTests */ = {
			isa = PBXNativeTarget;
			buildConfigurationList = C97FFE751C10A7C900975672 /* Build configuration list for PBXNativeTarget "ReliveTests" */;
			buildPhases = (
				C97FFE5A1C10A7C900975672 /* Sources */,
				C97FFE5B1C10A7C900975672 /* Frameworks */,
				C97FFE5C1C10A7C900975672 /* Resources */,
			);
			buildRules = (
			);
			dependencies = (
				C97FFE601C10A7C900975672 /* PBXTargetDependency */,
			);
			name = ReliveTests;
			productName = ReliveTests;
			productReference = C97FFE5E1C10A7C900975672 /* ReliveTests.xctest */;
			productType = "com.apple.product-type.bundle.unit-test";
		};
		C97FFE681C10A7C900975672 /* ReliveUITests */ = {
			isa = PBXNativeTarget;
			buildConfigurationList = C97FFE781C10A7C900975672 /* Build configuration list for PBXNativeTarget "ReliveUITests" */;
			buildPhases = (
				C97FFE651C10A7C900975672 /* Sources */,
				C97FFE661C10A7C900975672 /* Frameworks */,
				C97FFE671C10A7C900975672 /* Resources */,
			);
			buildRules = (
			);
			dependencies = (
				C97FFE6B1C10A7C900975672 /* PBXTargetDependency */,
			);
			name = ReliveUITests;
			productName = ReliveUITests;
			productReference = C97FFE691C10A7C900975672 /* ReliveUITests.xctest */;
			productType = "com.apple.product-type.bundle.ui-testing";
		};
/* End PBXNativeTarget section */

/* Begin PBXProject section */
		C97FFE421C10A7C900975672 /* Project object */ = {
			isa = PBXProject;
			attributes = {
				LastSwiftUpdateCheck = 0710;
				LastUpgradeCheck = 0710;
				ORGANIZATIONNAME = "Matthew Hammond";
				TargetAttributes = {
					C97FFE491C10A7C900975672 = {
						CreatedOnToolsVersion = 7.1.1;
						DevelopmentTeam = SG3UWWGPGQ;
					};
					C97FFE5D1C10A7C900975672 = {
						CreatedOnToolsVersion = 7.1.1;
						DevelopmentTeam = SG3UWWGPGQ;
						TestTargetID = C97FFE491C10A7C900975672;
					};
					C97FFE681C10A7C900975672 = {
						CreatedOnToolsVersion = 7.1.1;
						DevelopmentTeam = SG3UWWGPGQ;
						TestTargetID = C97FFE491C10A7C900975672;
					};
				};
			};
			buildConfigurationList = C97FFE451C10A7C900975672 /* Build configuration list for PBXProject "Relive" */;
			compatibilityVersion = "Xcode 3.2";
			developmentRegion = English;
			hasScannedForEncodings = 0;
			knownRegions = (
				en,
				Base,
			);
			mainGroup = C97FFE411C10A7C900975672;
			productRefGroup = C97FFE4B1C10A7C900975672 /* Products */;
			projectDirPath = "";
			projectRoot = "";
			targets = (
				C97FFE491C10A7C900975672 /* Relive */,
				C97FFE5D1C10A7C900975672 /* ReliveTests */,
				C97FFE681C10A7C900975672 /* ReliveUITests */,
			);
		};
/* End PBXProject section */

/* Begin PBXResourcesBuildPhase section */
		C97FFE481C10A7C900975672 /* Resources */ = {
			isa = PBXResourcesBuildPhase;
			buildActionMask = 2147483647;
			files = (
				C97FFE581C10A7C900975672 /* LaunchScreen.storyboard in Resources */,
				C91BE9C01C34496B00C91AEB /* Default-568h@2x.png in Resources */,
				C97FFE551C10A7C900975672 /* Assets.xcassets in Resources */,
				C97FFE531C10A7C900975672 /* Main.storyboard in Resources */,
			);
			runOnlyForDeploymentPostprocessing = 0;
		};
		C97FFE5C1C10A7C900975672 /* Resources */ = {
			isa = PBXResourcesBuildPhase;
			buildActionMask = 2147483647;
			files = (
			);
			runOnlyForDeploymentPostprocessing = 0;
		};
		C97FFE671C10A7C900975672 /* Resources */ = {
			isa = PBXResourcesBuildPhase;
			buildActionMask = 2147483647;
			files = (
			);
			runOnlyForDeploymentPostprocessing = 0;
		};
/* End PBXResourcesBuildPhase section */

/* Begin PBXShellScriptBuildPhase section */
		2A5537FA9F2E7B7660EA90A2 /* Check Pods Manifest.lock */ = {
			isa = PBXShellScriptBuildPhase;
			buildActionMask = 2147483647;
			files = (
			);
			inputPaths = (
			);
			name = "Check Pods Manifest.lock";
			outputPaths = (
			);
			runOnlyForDeploymentPostprocessing = 0;
			shellPath = /bin/sh;
			shellScript = "diff \"${PODS_ROOT}/../Podfile.lock\" \"${PODS_ROOT}/Manifest.lock\" > /dev/null\nif [[ $? != 0 ]] ; then\n    cat << EOM\nerror: The sandbox is not in sync with the Podfile.lock. Run 'pod install' or update your CocoaPods installation.\nEOM\n    exit 1\nfi\n";
			showEnvVarsInLog = 0;
		};
		9D48A1AC58A55D3D3A13195E /* Embed Pods Frameworks */ = {
			isa = PBXShellScriptBuildPhase;
			buildActionMask = 2147483647;
			files = (
			);
			inputPaths = (
			);
			name = "Embed Pods Frameworks";
			outputPaths = (
			);
			runOnlyForDeploymentPostprocessing = 0;
			shellPath = /bin/sh;
			shellScript = "\"${SRCROOT}/Pods/Target Support Files/Pods-Relive/Pods-Relive-frameworks.sh\"\n";
			showEnvVarsInLog = 0;
		};
		A44F92BA59700A0DD0DED673 /* Copy Pods Resources */ = {
			isa = PBXShellScriptBuildPhase;
			buildActionMask = 2147483647;
			files = (
			);
			inputPaths = (
			);
			name = "Copy Pods Resources";
			outputPaths = (
			);
			runOnlyForDeploymentPostprocessing = 0;
			shellPath = /bin/sh;
			shellScript = "\"${SRCROOT}/Pods/Target Support Files/Pods-Relive/Pods-Relive-resources.sh\"\n";
			showEnvVarsInLog = 0;
		};
/* End PBXShellScriptBuildPhase section */

/* Begin PBXSourcesBuildPhase section */
		C97FFE461C10A7C900975672 /* Sources */ = {
			isa = PBXSourcesBuildPhase;
			buildActionMask = 2147483647;
			files = (
				C97FFE501C10A7C900975672 /* menuViewController.swift in Sources */,
				C97FFE4E1C10A7C900975672 /* AppDelegate.swift in Sources */,
				C93F53541C1797D500666221 /* settingsViewController.swift in Sources */,
				C91281761C11E5020032D067 /* sideMenuViewController.swift in Sources */,
				C97FFE7F1C10A8B100975672 /* findCacheViewController.swift in Sources */,
				C97FFE8B1C10E3E200975672 /* JSONDataClass.swift in Sources */,
				C97FFE851C10C58900975672 /* SWRevealViewController.m in Sources */,
				C91BE9C21C355EDA00C91AEB /* memoryViewierViewController.swift in Sources */,
				C93F53521C1734F000666221 /* appMetaDataClass.swift in Sources */,
				C91281781C11E6DD0032D067 /* postMemoryViewController.swift in Sources */,
			);
			runOnlyForDeploymentPostprocessing = 0;
		};
		C97FFE5A1C10A7C900975672 /* Sources */ = {
			isa = PBXSourcesBuildPhase;
			buildActionMask = 2147483647;
			files = (
				C97FFE631C10A7C900975672 /* ReliveTests.swift in Sources */,
			);
			runOnlyForDeploymentPostprocessing = 0;
		};
		C97FFE651C10A7C900975672 /* Sources */ = {
			isa = PBXSourcesBuildPhase;
			buildActionMask = 2147483647;
			files = (
				C97FFE6E1C10A7C900975672 /* ReliveUITests.swift in Sources */,
			);
			runOnlyForDeploymentPostprocessing = 0;
		};
/* End PBXSourcesBuildPhase section */

/* Begin PBXTargetDependency section */
		C97FFE601C10A7C900975672 /* PBXTargetDependency */ = {
			isa = PBXTargetDependency;
			target = C97FFE491C10A7C900975672 /* Relive */;
			targetProxy = C97FFE5F1C10A7C900975672 /* PBXContainerItemProxy */;
		};
		C97FFE6B1C10A7C900975672 /* PBXTargetDependency */ = {
			isa = PBXTargetDependency;
			target = C97FFE491C10A7C900975672 /* Relive */;
			targetProxy = C97FFE6A1C10A7C900975672 /* PBXContainerItemProxy */;
		};
/* End PBXTargetDependency section */

/* Begin PBXVariantGroup section */
		C97FFE511C10A7C900975672 /* Main.storyboard */ = {
			isa = PBXVariantGroup;
			children = (
				C97FFE521C10A7C900975672 /* Base */,
			);
			name = Main.storyboard;
			sourceTree = "<group>";
		};
		C97FFE561C10A7C900975672 /* LaunchScreen.storyboard */ = {
			isa = PBXVariantGroup;
			children = (
				C97FFE571C10A7C900975672 /* Base */,
			);
			name = LaunchScreen.storyboard;
			sourceTree = "<group>";
		};
/* End PBXVariantGroup section */

/* Begin XCBuildConfiguration section */
		C97FFE701C10A7C900975672 /* Debug */ = {
			isa = XCBuildConfiguration;
			buildSettings = {
				ALWAYS_SEARCH_USER_PATHS = NO;
				CLANG_CXX_LANGUAGE_STANDARD = "gnu++0x";
				CLANG_CXX_LIBRARY = "libc++";
				CLANG_ENABLE_MODULES = YES;
				CLANG_ENABLE_OBJC_ARC = YES;
				CLANG_WARN_BOOL_CONVERSION = YES;
				CLANG_WARN_CONSTANT_CONVERSION = YES;
				CLANG_WARN_DIRECT_OBJC_ISA_USAGE = YES_ERROR;
				CLANG_WARN_EMPTY_BODY = YES;
				CLANG_WARN_ENUM_CONVERSION = YES;
				CLANG_WARN_INT_CONVERSION = YES;
				CLANG_WARN_OBJC_ROOT_CLASS = YES_ERROR;
				CLANG_WARN_UNREACHABLE_CODE = YES;
				CLANG_WARN__DUPLICATE_METHOD_MATCH = YES;
				"CODE_SIGN_IDENTITY[sdk=iphoneos*]" = "iPhone Developer";
				COPY_PHASE_STRIP = NO;
				DEBUG_INFORMATION_FORMAT = dwarf;
				ENABLE_STRICT_OBJC_MSGSEND = YES;
				ENABLE_TESTABILITY = YES;
				GCC_C_LANGUAGE_STANDARD = gnu99;
				GCC_DYNAMIC_NO_PIC = NO;
				GCC_NO_COMMON_BLOCKS = YES;
				GCC_OPTIMIZATION_LEVEL = 0;
				GCC_PREPROCESSOR_DEFINITIONS = (
					"DEBUG=1",
					"$(inherited)",
				);
				GCC_WARN_64_TO_32_BIT_CONVERSION = YES;
				GCC_WARN_ABOUT_RETURN_TYPE = YES_ERROR;
				GCC_WARN_UNDECLARED_SELECTOR = YES;
				GCC_WARN_UNINITIALIZED_AUTOS = YES_AGGRESSIVE;
				GCC_WARN_UNUSED_FUNCTION = YES;
				GCC_WARN_UNUSED_VARIABLE = YES;
				IPHONEOS_DEPLOYMENT_TARGET = 9.1;
				MTL_ENABLE_DEBUG_INFO = YES;
				ONLY_ACTIVE_ARCH = YES;
				SDKROOT = iphoneos;
				SWIFT_OPTIMIZATION_LEVEL = "-Onone";
				TARGETED_DEVICE_FAMILY = "1,2";
			};
			name = Debug;
		};
		C97FFE711C10A7C900975672 /* Release */ = {
			isa = XCBuildConfiguration;
			buildSettings = {
				ALWAYS_SEARCH_USER_PATHS = NO;
				CLANG_CXX_LANGUAGE_STANDARD = "gnu++0x";
				CLANG_CXX_LIBRARY = "libc++";
				CLANG_ENABLE_MODULES = YES;
				CLANG_ENABLE_OBJC_ARC = YES;
				CLANG_WARN_BOOL_CONVERSION = YES;
				CLANG_WARN_CONSTANT_CONVERSION = YES;
				CLANG_WARN_DIRECT_OBJC_ISA_USAGE = YES_ERROR;
				CLANG_WARN_EMPTY_BODY = YES;
				CLANG_WARN_ENUM_CONVERSION = YES;
				CLANG_WARN_INT_CONVERSION = YES;
				CLANG_WARN_OBJC_ROOT_CLASS = YES_ERROR;
				CLANG_WARN_UNREACHABLE_CODE = YES;
				CLANG_WARN__DUPLICATE_METHOD_MATCH = YES;
				"CODE_SIGN_IDENTITY[sdk=iphoneos*]" = "iPhone Developer";
				COPY_PHASE_STRIP = NO;
				DEBUG_INFORMATION_FORMAT = "dwarf-with-dsym";
				ENABLE_NS_ASSERTIONS = NO;
				ENABLE_STRICT_OBJC_MSGSEND = YES;
				GCC_C_LANGUAGE_STANDARD = gnu99;
				GCC_NO_COMMON_BLOCKS = YES;
				GCC_WARN_64_TO_32_BIT_CONVERSION = YES;
				GCC_WARN_ABOUT_RETURN_TYPE = YES_ERROR;
				GCC_WARN_UNDECLARED_SELECTOR = YES;
				GCC_WARN_UNINITIALIZED_AUTOS = YES_AGGRESSIVE;
				GCC_WARN_UNUSED_FUNCTION = YES;
				GCC_WARN_UNUSED_VARIABLE = YES;
				IPHONEOS_DEPLOYMENT_TARGET = 9.1;
				MTL_ENABLE_DEBUG_INFO = NO;
				SDKROOT = iphoneos;
				TARGETED_DEVICE_FAMILY = "1,2";
				VALIDATE_PRODUCT = YES;
			};
			name = Release;
		};
		C97FFE731C10A7C900975672 /* Debug */ = {
			isa = XCBuildConfiguration;
			baseConfigurationReference = 29E101CD818841B21BBDDF78 /* Pods-Relive.debug.xcconfig */;
			buildSettings = {
				ASSETCATALOG_COMPILER_APPICON_NAME = AppIcon;
				CLANG_ENABLE_MODULES = YES;
				INFOPLIST_FILE = Relive/Info.plist;
				LD_RUNPATH_SEARCH_PATHS = "$(inherited) @executable_path/Frameworks";
				PRODUCT_BUNDLE_IDENTIFIER = com.matthammond.Relive;
				PRODUCT_NAME = "$(TARGET_NAME)";
				SWIFT_OBJC_BRIDGING_HEADER = "Relive/Relive-Bridging-Header.h";
				SWIFT_OPTIMIZATION_LEVEL = "-Onone";
			};
			name = Debug;
		};
		C97FFE741C10A7C900975672 /* Release */ = {
			isa = XCBuildConfiguration;
			baseConfigurationReference = A364CDD6266ABFDE43B8AF5E /* Pods-Relive.release.xcconfig */;
			buildSettings = {
				ASSETCATALOG_COMPILER_APPICON_NAME = AppIcon;
				CLANG_ENABLE_MODULES = YES;
				INFOPLIST_FILE = Relive/Info.plist;
				LD_RUNPATH_SEARCH_PATHS = "$(inherited) @executable_path/Frameworks";
				PRODUCT_BUNDLE_IDENTIFIER = com.matthammond.Relive;
				PRODUCT_NAME = "$(TARGET_NAME)";
				SWIFT_OBJC_BRIDGING_HEADER = "Relive/Relive-Bridging-Header.h";
			};
			name = Release;
		};
		C97FFE761C10A7C900975672 /* Debug */ = {
			isa = XCBuildConfiguration;
			buildSettings = {
				BUNDLE_LOADER = "$(TEST_HOST)";
				INFOPLIST_FILE = ReliveTests/Info.plist;
				LD_RUNPATH_SEARCH_PATHS = "$(inherited) @executable_path/Frameworks @loader_path/Frameworks";
				PRODUCT_BUNDLE_IDENTIFIER = com.matthammond.ReliveTests;
				PRODUCT_NAME = "$(TARGET_NAME)";
				TEST_HOST = "$(BUILT_PRODUCTS_DIR)/Relive.app/Relive";
			};
			name = Debug;
		};
		C97FFE771C10A7C900975672 /* Release */ = {
			isa = XCBuildConfiguration;
			buildSettings = {
				BUNDLE_LOADER = "$(TEST_HOST)";
				INFOPLIST_FILE = ReliveTests/Info.plist;
				LD_RUNPATH_SEARCH_PATHS = "$(inherited) @executable_path/Frameworks @loader_path/Frameworks";
				PRODUCT_BUNDLE_IDENTIFIER = com.matthammond.ReliveTests;
				PRODUCT_NAME = "$(TARGET_NAME)";
				TEST_HOST = "$(BUILT_PRODUCTS_DIR)/Relive.app/Relive";
			};
			name = Release;
		};
		C97FFE791C10A7C900975672 /* Debug */ = {
			isa = XCBuildConfiguration;
			buildSettings = {
				INFOPLIST_FILE = ReliveUITests/Info.plist;
				LD_RUNPATH_SEARCH_PATHS = "$(inherited) @executable_path/Frameworks @loader_path/Frameworks";
				PRODUCT_BUNDLE_IDENTIFIER = com.matthammond.ReliveUITests;
				PRODUCT_NAME = "$(TARGET_NAME)";
				TEST_TARGET_NAME = Relive;
				USES_XCTRUNNER = YES;
			};
			name = Debug;
		};
		C97FFE7A1C10A7C900975672 /* Release */ = {
			isa = XCBuildConfiguration;
			buildSettings = {
				INFOPLIST_FILE = ReliveUITests/Info.plist;
				LD_RUNPATH_SEARCH_PATHS = "$(inherited) @executable_path/Frameworks @loader_path/Frameworks";
				PRODUCT_BUNDLE_IDENTIFIER = com.matthammond.ReliveUITests;
				PRODUCT_NAME = "$(TARGET_NAME)";
				TEST_TARGET_NAME = Relive;
				USES_XCTRUNNER = YES;
			};
			name = Release;
		};
/* End XCBuildConfiguration section */

/* Begin XCConfigurationList section */
		C97FFE451C10A7C900975672 /* Build configuration list for PBXProject "Relive" */ = {
			isa = XCConfigurationList;
			buildConfigurations = (
				C97FFE701C10A7C900975672 /* Debug */,
				C97FFE711C10A7C900975672 /* Release */,
			);
			defaultConfigurationIsVisible = 0;
			defaultConfigurationName = Release;
		};
		C97FFE721C10A7C900975672 /* Build configuration list for PBXNativeTarget "Relive" */ = {
			isa = XCConfigurationList;
			buildConfigurations = (
				C97FFE731C10A7C900975672 /* Debug */,
				C97FFE741C10A7C900975672 /* Release */,
			);
			defaultConfigurationIsVisible = 0;
			defaultConfigurationName = Release;
		};
		C97FFE751C10A7C900975672 /* Build configuration list for PBXNativeTarget "ReliveTests" */ = {
			isa = XCConfigurationList;
			buildConfigurations = (
				C97FFE761C10A7C900975672 /* Debug */,
				C97FFE771C10A7C900975672 /* Release */,
			);
			defaultConfigurationIsVisible = 0;
			defaultConfigurationName = Release;
		};
		C97FFE781C10A7C900975672 /* Build configuration list for PBXNativeTarget "ReliveUITests" */ = {
			isa = XCConfigurationList;
			buildConfigurations = (
				C97FFE791C10A7C900975672 /* Debug */,
				C97FFE7A1C10A7C900975672 /* Release */,
			);
			defaultConfigurationIsVisible = 0;
			defaultConfigurationName = Release;
		};
/* End XCConfigurationList section */
	};
	rootObject = C97FFE421C10A7C900975672 /* Project object */;
}
